// !$*UTF8*$!
{
	archiveVersion = 1;
	classes = {
	};
	objectVersion = 56;
	objects = {

/* Begin PBXBuildFile section */
		F147632B2B436A64001EC931 /* AppDelegate.swift in Sources */ = {isa = PBXBuildFile; fileRef = F147632A2B436A64001EC931 /* AppDelegate.swift */; };
		F147632F2B436A64001EC931 /* LoginVC.swift in Sources */ = {isa = PBXBuildFile; fileRef = F147632E2B436A64001EC931 /* LoginVC.swift */; };
		F14763342B436A65001EC931 /* Assets.xcassets in Resources */ = {isa = PBXBuildFile; fileRef = F14763332B436A65001EC931 /* Assets.xcassets */; };
		F14763442B4374EA001EC931 /* LoginView.swift in Sources */ = {isa = PBXBuildFile; fileRef = F14763432B4374EA001EC931 /* LoginView.swift */; };
		F14763462B439395001EC931 /* LoginLabelsView.swift in Sources */ = {isa = PBXBuildFile; fileRef = F14763452B439395001EC931 /* LoginLabelsView.swift */; };
		F14EF05B2B59C90900ECD3EA /* LocalState.swift in Sources */ = {isa = PBXBuildFile; fileRef = F14EF05A2B59C90900ECD3EA /* LocalState.swift */; };
		F1A37DCC2B5B38CF00FC3A11 /* UIViewController+Utils.swift in Sources */ = {isa = PBXBuildFile; fileRef = F1A37DCB2B5B38CF00FC3A11 /* UIViewController+Utils.swift */; };
		F1A37DCE2B5B3B7D00FC3A11 /* MainViewController.swift in Sources */ = {isa = PBXBuildFile; fileRef = F1A37DCD2B5B3B7D00FC3A11 /* MainViewController.swift */; };
		F1A37DD12B5B3C6A00FC3A11 /* SFSymbols.swift in Sources */ = {isa = PBXBuildFile; fileRef = F1A37DD02B5B3C6A00FC3A11 /* SFSymbols.swift */; };
		F1A825892B45E92100AA5BD7 /* OnboardContainerVC.swift in Sources */ = {isa = PBXBuildFile; fileRef = F1A825882B45E92100AA5BD7 /* OnboardContainerVC.swift */; };
		F1A8258D2B45E98A00AA5BD7 /* OnboardVC.swift in Sources */ = {isa = PBXBuildFile; fileRef = F1A8258C2B45E98A00AA5BD7 /* OnboardVC.swift */; };
		F1DD95692B587749004BABBD /* DummyVC.swift in Sources */ = {isa = PBXBuildFile; fileRef = F1DD95682B587749004BABBD /* DummyVC.swift */; };
/* End PBXBuildFile section */

/* Begin PBXFileReference section */
		F14763272B436A64001EC931 /* BankeyApp.app */ = {isa = PBXFileReference; explicitFileType = wrapper.application; includeInIndex = 0; path = BankeyApp.app; sourceTree = BUILT_PRODUCTS_DIR; };
		F147632A2B436A64001EC931 /* AppDelegate.swift */ = {isa = PBXFileReference; lastKnownFileType = sourcecode.swift; path = AppDelegate.swift; sourceTree = "<group>"; };
		F147632E2B436A64001EC931 /* LoginVC.swift */ = {isa = PBXFileReference; lastKnownFileType = sourcecode.swift; path = LoginVC.swift; sourceTree = "<group>"; };
		F14763332B436A65001EC931 /* Assets.xcassets */ = {isa = PBXFileReference; lastKnownFileType = folder.assetcatalog; path = Assets.xcassets; sourceTree = "<group>"; };
		F14763382B436A65001EC931 /* Info.plist */ = {isa = PBXFileReference; lastKnownFileType = text.plist.xml; path = Info.plist; sourceTree = "<group>"; };
		F14763432B4374EA001EC931 /* LoginView.swift */ = {isa = PBXFileReference; lastKnownFileType = sourcecode.swift; path = LoginView.swift; sourceTree = "<group>"; };
		F14763452B439395001EC931 /* LoginLabelsView.swift */ = {isa = PBXFileReference; lastKnownFileType = sourcecode.swift; path = LoginLabelsView.swift; sourceTree = "<group>"; };
		F14EF05A2B59C90900ECD3EA /* LocalState.swift */ = {isa = PBXFileReference; lastKnownFileType = sourcecode.swift; path = LocalState.swift; sourceTree = "<group>"; };
		F1A37DCB2B5B38CF00FC3A11 /* UIViewController+Utils.swift */ = {isa = PBXFileReference; lastKnownFileType = sourcecode.swift; path = "UIViewController+Utils.swift"; sourceTree = "<group>"; };
		F1A37DCD2B5B3B7D00FC3A11 /* MainViewController.swift */ = {isa = PBXFileReference; lastKnownFileType = sourcecode.swift; path = MainViewController.swift; sourceTree = "<group>"; };
		F1A37DD02B5B3C6A00FC3A11 /* SFSymbols.swift */ = {isa = PBXFileReference; lastKnownFileType = sourcecode.swift; path = SFSymbols.swift; sourceTree = "<group>"; };
		F1A825882B45E92100AA5BD7 /* OnboardContainerVC.swift */ = {isa = PBXFileReference; lastKnownFileType = sourcecode.swift; path = OnboardContainerVC.swift; sourceTree = "<group>"; };
		F1A8258C2B45E98A00AA5BD7 /* OnboardVC.swift */ = {isa = PBXFileReference; lastKnownFileType = sourcecode.swift; path = OnboardVC.swift; sourceTree = "<group>"; };
		F1DD95682B587749004BABBD /* DummyVC.swift */ = {isa = PBXFileReference; lastKnownFileType = sourcecode.swift; path = DummyVC.swift; sourceTree = "<group>"; };
/* End PBXFileReference section */

/* Begin PBXFrameworksBuildPhase section */
		F14763242B436A64001EC931 /* Frameworks */ = {
			isa = PBXFrameworksBuildPhase;
			buildActionMask = 2147483647;
			files = (
			);
			runOnlyForDeploymentPostprocessing = 0;
		};
/* End PBXFrameworksBuildPhase section */

/* Begin PBXGroup section */
		F147631E2B436A64001EC931 = {
			isa = PBXGroup;
			children = (
				F14763292B436A64001EC931 /* BankeyApp */,
				F14763282B436A64001EC931 /* Products */,
			);
			sourceTree = "<group>";
		};
		F14763282B436A64001EC931 /* Products */ = {
			isa = PBXGroup;
			children = (
				F14763272B436A64001EC931 /* BankeyApp.app */,
			);
			name = Products;
			sourceTree = "<group>";
		};
		F14763292B436A64001EC931 /* BankeyApp */ = {
			isa = PBXGroup;
			children = (
				F1A37DCF2B5B3C6000FC3A11 /* Constants */,
				F1A37DCA2B5B38B700FC3A11 /* Extensions */,
				F14EF0592B59C8FD00ECD3EA /* Utils */,
				F1A825872B45E91200AA5BD7 /* Onboard */,
				F14763422B4374CB001EC931 /* Login */,
				F147633E2B43747F001EC931 /* Files */,
				F147632A2B436A64001EC931 /* AppDelegate.swift */,
				F1A37DCD2B5B3B7D00FC3A11 /* MainViewController.swift */,
			);
			path = BankeyApp;
			sourceTree = "<group>";
		};
		F147633E2B43747F001EC931 /* Files */ = {
			isa = PBXGroup;
			children = (
				F14763332B436A65001EC931 /* Assets.xcassets */,
				F14763382B436A65001EC931 /* Info.plist */,
			);
			name = Files;
			sourceTree = "<group>";
		};
		F14763422B4374CB001EC931 /* Login */ = {
			isa = PBXGroup;
			children = (
				F147632E2B436A64001EC931 /* LoginVC.swift */,
				F14763432B4374EA001EC931 /* LoginView.swift */,
				F14763452B439395001EC931 /* LoginLabelsView.swift */,
				F1DD95682B587749004BABBD /* DummyVC.swift */,
			);
			path = Login;
			sourceTree = "<group>";
		};
		F14EF0592B59C8FD00ECD3EA /* Utils */ = {
			isa = PBXGroup;
			children = (
				F14EF05A2B59C90900ECD3EA /* LocalState.swift */,
			);
			path = Utils;
			sourceTree = "<group>";
		};
		F1A37DCA2B5B38B700FC3A11 /* Extensions */ = {
			isa = PBXGroup;
			children = (
				F1A37DCB2B5B38CF00FC3A11 /* UIViewController+Utils.swift */,
			);
			path = Extensions;
			sourceTree = "<group>";
		};
		F1A37DCF2B5B3C6000FC3A11 /* Constants */ = {
			isa = PBXGroup;
			children = (
				F1A37DD02B5B3C6A00FC3A11 /* SFSymbols.swift */,
			);
			path = Constants;
			sourceTree = "<group>";
		};
		F1A825872B45E91200AA5BD7 /* Onboard */ = {
			isa = PBXGroup;
			children = (
				F1A825882B45E92100AA5BD7 /* OnboardContainerVC.swift */,
				F1A8258C2B45E98A00AA5BD7 /* OnboardVC.swift */,
			);
			path = Onboard;
			sourceTree = "<group>";
		};
/* End PBXGroup section */

/* Begin PBXNativeTarget section */
		F14763262B436A64001EC931 /* BankeyApp */ = {
			isa = PBXNativeTarget;
			buildConfigurationList = F147633B2B436A65001EC931 /* Build configuration list for PBXNativeTarget "BankeyApp" */;
			buildPhases = (
				F14763232B436A64001EC931 /* Sources */,
				F14763242B436A64001EC931 /* Frameworks */,
				F14763252B436A64001EC931 /* Resources */,
			);
			buildRules = (
			);
			dependencies = (
			);
			name = BankeyApp;
			productName = BankeyApp;
			productReference = F14763272B436A64001EC931 /* BankeyApp.app */;
			productType = "com.apple.product-type.application";
		};
/* End PBXNativeTarget section */

/* Begin PBXProject section */
		F147631F2B436A64001EC931 /* Project object */ = {
			isa = PBXProject;
			attributes = {
				BuildIndependentTargetsInParallel = 1;
				LastSwiftUpdateCheck = 1500;
				LastUpgradeCheck = 1500;
				TargetAttributes = {
					F14763262B436A64001EC931 = {
						CreatedOnToolsVersion = 15.0;
					};
				};
			};
			buildConfigurationList = F14763222B436A64001EC931 /* Build configuration list for PBXProject "BankeyApp" */;
			compatibilityVersion = "Xcode 14.0";
			developmentRegion = en;
			hasScannedForEncodings = 0;
			knownRegions = (
				en,
				Base,
			);
			mainGroup = F147631E2B436A64001EC931;
			productRefGroup = F14763282B436A64001EC931 /* Products */;
			projectDirPath = "";
			projectRoot = "";
			targets = (
				F14763262B436A64001EC931 /* BankeyApp */,
			);
		};
/* End PBXProject section */

/* Begin PBXResourcesBuildPhase section */
		F14763252B436A64001EC931 /* Resources */ = {
			isa = PBXResourcesBuildPhase;
			buildActionMask = 2147483647;
			files = (
				F14763342B436A65001EC931 /* Assets.xcassets in Resources */,
			);
			runOnlyForDeploymentPostprocessing = 0;
		};
/* End PBXResourcesBuildPhase section */

/* Begin PBXSourcesBuildPhase section */
		F14763232B436A64001EC931 /* Sources */ = {
			isa = PBXSourcesBuildPhase;
			buildActionMask = 2147483647;
			files = (
				F14763442B4374EA001EC931 /* LoginView.swift in Sources */,
				F147632F2B436A64001EC931 /* LoginVC.swift in Sources */,
				F1A37DCC2B5B38CF00FC3A11 /* UIViewController+Utils.swift in Sources */,
				F1A37DD12B5B3C6A00FC3A11 /* SFSymbols.swift in Sources */,
				F1DD95692B587749004BABBD /* DummyVC.swift in Sources */,
				F147632B2B436A64001EC931 /* AppDelegate.swift in Sources */,
				F1A825892B45E92100AA5BD7 /* OnboardContainerVC.swift in Sources */,
				F1A8258D2B45E98A00AA5BD7 /* OnboardVC.swift in Sources */,
				F14763462B439395001EC931 /* LoginLabelsView.swift in Sources */,
				F14EF05B2B59C90900ECD3EA /* LocalState.swift in Sources */,
				F1A37DCE2B5B3B7D00FC3A11 /* MainViewController.swift in Sources */,
			);
			runOnlyForDeploymentPostprocessing = 0;
		};
/* End PBXSourcesBuildPhase section */

/* Begin XCBuildConfiguration section */
		F14763392B436A65001EC931 /* Debug */ = {
			isa = XCBuildConfiguration;
			buildSettings = {
				ALWAYS_SEARCH_USER_PATHS = NO;
				ASSETCATALOG_COMPILER_GENERATE_SWIFT_ASSET_SYMBOL_EXTENSIONS = YES;
				CLANG_ANALYZER_NONNULL = YES;
				CLANG_ANALYZER_NUMBER_OBJECT_CONVERSION = YES_AGGRESSIVE;
				CLANG_CXX_LANGUAGE_STANDARD = "gnu++20";
				CLANG_ENABLE_MODULES = YES;
				CLANG_ENABLE_OBJC_ARC = YES;
				CLANG_ENABLE_OBJC_WEAK = YES;
				CLANG_WARN_BLOCK_CAPTURE_AUTORELEASING = YES;
				CLANG_WARN_BOOL_CONVERSION = YES;
				CLANG_WARN_COMMA = YES;
				CLANG_WARN_CONSTANT_CONVERSION = YES;
				CLANG_WARN_DEPRECATED_OBJC_IMPLEMENTATIONS = YES;
				CLANG_WARN_DIRECT_OBJC_ISA_USAGE = YES_ERROR;
				CLANG_WARN_DOCUMENTATION_COMMENTS = YES;
				CLANG_WARN_EMPTY_BODY = YES;
				CLANG_WARN_ENUM_CONVERSION = YES;
				CLANG_WARN_INFINITE_RECURSION = YES;
				CLANG_WARN_INT_CONVERSION = YES;
				CLANG_WARN_NON_LITERAL_NULL_CONVERSION = YES;
				CLANG_WARN_OBJC_IMPLICIT_RETAIN_SELF = YES;
				CLANG_WARN_OBJC_LITERAL_CONVERSION = YES;
				CLANG_WARN_OBJC_ROOT_CLASS = YES_ERROR;
				CLANG_WARN_QUOTED_INCLUDE_IN_FRAMEWORK_HEADER = YES;
				CLANG_WARN_RANGE_LOOP_ANALYSIS = YES;
				CLANG_WARN_STRICT_PROTOTYPES = YES;
				CLANG_WARN_SUSPICIOUS_MOVE = YES;
				CLANG_WARN_UNGUARDED_AVAILABILITY = YES_AGGRESSIVE;
				CLANG_WARN_UNREACHABLE_CODE = YES;
				CLANG_WARN__DUPLICATE_METHOD_MATCH = YES;
				COPY_PHASE_STRIP = NO;
				DEBUG_INFORMATION_FORMAT = dwarf;
				ENABLE_STRICT_OBJC_MSGSEND = YES;
				ENABLE_TESTABILITY = YES;
				ENABLE_USER_SCRIPT_SANDBOXING = YES;
				GCC_C_LANGUAGE_STANDARD = gnu17;
				GCC_DYNAMIC_NO_PIC = NO;
				GCC_NO_COMMON_BLOCKS = YES;
				GCC_OPTIMIZATION_LEVEL = 0;
				GCC_PREPROCESSOR_DEFINITIONS = (
					"DEBUG=1",
					"$(inherited)",
				);
				GCC_WARN_64_TO_32_BIT_CONVERSION = YES;
				GCC_WARN_ABOUT_RETURN_TYPE = YES_ERROR;
				GCC_WARN_UNDECLARED_SELECTOR = YES;
				GCC_WARN_UNINITIALIZED_AUTOS = YES_AGGRESSIVE;
				GCC_WARN_UNUSED_FUNCTION = YES;
				GCC_WARN_UNUSED_VARIABLE = YES;
				IPHONEOS_DEPLOYMENT_TARGET = 17.0;
				LOCALIZATION_PREFERS_STRING_CATALOGS = YES;
				MTL_ENABLE_DEBUG_INFO = INCLUDE_SOURCE;
				MTL_FAST_MATH = YES;
				ONLY_ACTIVE_ARCH = YES;
				SDKROOT = iphoneos;
				SWIFT_ACTIVE_COMPILATION_CONDITIONS = "DEBUG $(inherited)";
				SWIFT_OPTIMIZATION_LEVEL = "-Onone";
			};
			name = Debug;
		};
		F147633A2B436A65001EC931 /* Release */ = {
			isa = XCBuildConfiguration;
			buildSettings = {
				ALWAYS_SEARCH_USER_PATHS = NO;
				ASSETCATALOG_COMPILER_GENERATE_SWIFT_ASSET_SYMBOL_EXTENSIONS = YES;
				CLANG_ANALYZER_NONNULL = YES;
				CLANG_ANALYZER_NUMBER_OBJECT_CONVERSION = YES_AGGRESSIVE;
				CLANG_CXX_LANGUAGE_STANDARD = "gnu++20";
				CLANG_ENABLE_MODULES = YES;
				CLANG_ENABLE_OBJC_ARC = YES;
				CLANG_ENABLE_OBJC_WEAK = YES;
				CLANG_WARN_BLOCK_CAPTURE_AUTORELEASING = YES;
				CLANG_WARN_BOOL_CONVERSION = YES;
				CLANG_WARN_COMMA = YES;
				CLANG_WARN_CONSTANT_CONVERSION = YES;
				CLANG_WARN_DEPRECATED_OBJC_IMPLEMENTATIONS = YES;
				CLANG_WARN_DIRECT_OBJC_ISA_USAGE = YES_ERROR;
				CLANG_WARN_DOCUMENTATION_COMMENTS = YES;
				CLANG_WARN_EMPTY_BODY = YES;
				CLANG_WARN_ENUM_CONVERSION = YES;
				CLANG_WARN_INFINITE_RECURSION = YES;
				CLANG_WARN_INT_CONVERSION = YES;
				CLANG_WARN_NON_LITERAL_NULL_CONVERSION = YES;
				CLANG_WARN_OBJC_IMPLICIT_RETAIN_SELF = YES;
				CLANG_WARN_OBJC_LITERAL_CONVERSION = YES;
				CLANG_WARN_OBJC_ROOT_CLASS = YES_ERROR;
				CLANG_WARN_QUOTED_INCLUDE_IN_FRAMEWORK_HEADER = YES;
				CLANG_WARN_RANGE_LOOP_ANALYSIS = YES;
				CLANG_WARN_STRICT_PROTOTYPES = YES;
				CLANG_WARN_SUSPICIOUS_MOVE = YES;
				CLANG_WARN_UNGUARDED_AVAILABILITY = YES_AGGRESSIVE;
				CLANG_WARN_UNREACHABLE_CODE = YES;
				CLANG_WARN__DUPLICATE_METHOD_MATCH = YES;
				COPY_PHASE_STRIP = NO;
				DEBUG_INFORMATION_FORMAT = "dwarf-with-dsym";
				ENABLE_NS_ASSERTIONS = NO;
				ENABLE_STRICT_OBJC_MSGSEND = YES;
				ENABLE_USER_SCRIPT_SANDBOXING = YES;
				GCC_C_LANGUAGE_STANDARD = gnu17;
				GCC_NO_COMMON_BLOCKS = YES;
				GCC_WARN_64_TO_32_BIT_CONVERSION = YES;
				GCC_WARN_ABOUT_RETURN_TYPE = YES_ERROR;
				GCC_WARN_UNDECLARED_SELECTOR = YES;
				GCC_WARN_UNINITIALIZED_AUTOS = YES_AGGRESSIVE;
				GCC_WARN_UNUSED_FUNCTION = YES;
				GCC_WARN_UNUSED_VARIABLE = YES;
				IPHONEOS_DEPLOYMENT_TARGET = 17.0;
				LOCALIZATION_PREFERS_STRING_CATALOGS = YES;
				MTL_ENABLE_DEBUG_INFO = NO;
				MTL_FAST_MATH = YES;
				SDKROOT = iphoneos;
				SWIFT_COMPILATION_MODE = wholemodule;
				VALIDATE_PRODUCT = YES;
			};
			name = Release;
		};
		F147633C2B436A65001EC931 /* Debug */ = {
			isa = XCBuildConfiguration;
			buildSettings = {
				ASSETCATALOG_COMPILER_APPICON_NAME = AppIcon;
				ASSETCATALOG_COMPILER_GLOBAL_ACCENT_COLOR_NAME = AccentColor;
				CODE_SIGN_STYLE = Automatic;
				CURRENT_PROJECT_VERSION = 1;
				DEVELOPMENT_TEAM = T6938DY6DS;
				GENERATE_INFOPLIST_FILE = YES;
				INFOPLIST_FILE = BankeyApp/Info.plist;
				INFOPLIST_KEY_UIApplicationSupportsIndirectInputEvents = YES;
				INFOPLIST_KEY_UILaunchStoryboardName = LaunchScreen;
				INFOPLIST_KEY_UIMainStoryboardFile = "";
				INFOPLIST_KEY_UISupportedInterfaceOrientations_iPad = "UIInterfaceOrientationPortrait UIInterfaceOrientationPortraitUpsideDown UIInterfaceOrientationLandscapeLeft UIInterfaceOrientationLandscapeRight";
				INFOPLIST_KEY_UISupportedInterfaceOrientations_iPhone = "UIInterfaceOrientationPortrait UIInterfaceOrientationLandscapeLeft UIInterfaceOrientationLandscapeRight";
				LD_RUNPATH_SEARCH_PATHS = (
					"$(inherited)",
					"@executable_path/Frameworks",
				);
				MARKETING_VERSION = 1.0;
				PRODUCT_BUNDLE_IDENTIFIER = com.archeva.BankeyApp;
				PRODUCT_NAME = "$(TARGET_NAME)";
				SWIFT_EMIT_LOC_STRINGS = YES;
				SWIFT_VERSION = 5.0;
				TARGETED_DEVICE_FAMILY = "1,2";
			};
			name = Debug;
		};
		F147633D2B436A65001EC931 /* Release */ = {
			isa = XCBuildConfiguration;
			buildSettings = {
				ASSETCATALOG_COMPILER_APPICON_NAME = AppIcon;
				ASSETCATALOG_COMPILER_GLOBAL_ACCENT_COLOR_NAME = AccentColor;
				CODE_SIGN_STYLE = Automatic;
				CURRENT_PROJECT_VERSION = 1;
				DEVELOPMENT_TEAM = T6938DY6DS;
				GENERATE_INFOPLIST_FILE = YES;
				INFOPLIST_FILE = BankeyApp/Info.plist;
				INFOPLIST_KEY_UIApplicationSupportsIndirectInputEvents = YES;
				INFOPLIST_KEY_UILaunchStoryboardName = LaunchScreen;
				INFOPLIST_KEY_UIMainStoryboardFile = "";
				INFOPLIST_KEY_UISupportedInterfaceOrientations_iPad = "UIInterfaceOrientationPortrait UIInterfaceOrientationPortraitUpsideDown UIInterfaceOrientationLandscapeLeft UIInterfaceOrientationLandscapeRight";
				INFOPLIST_KEY_UISupportedInterfaceOrientations_iPhone = "UIInterfaceOrientationPortrait UIInterfaceOrientationLandscapeLeft UIInterfaceOrientationLandscapeRight";
				LD_RUNPATH_SEARCH_PATHS = (
					"$(inherited)",
					"@executable_path/Frameworks",
				);
				MARKETING_VERSION = 1.0;
				PRODUCT_BUNDLE_IDENTIFIER = com.archeva.BankeyApp;
				PRODUCT_NAME = "$(TARGET_NAME)";
				SWIFT_EMIT_LOC_STRINGS = YES;
				SWIFT_VERSION = 5.0;
				TARGETED_DEVICE_FAMILY = "1,2";
			};
			name = Release;
		};
/* End XCBuildConfiguration section */

/* Begin XCConfigurationList section */
		F14763222B436A64001EC931 /* Build configuration list for PBXProject "BankeyApp" */ = {
			isa = XCConfigurationList;
			buildConfigurations = (
				F14763392B436A65001EC931 /* Debug */,
				F147633A2B436A65001EC931 /* Release */,
			);
			defaultConfigurationIsVisible = 0;
			defaultConfigurationName = Release;
		};
		F147633B2B436A65001EC931 /* Build configuration list for PBXNativeTarget "BankeyApp" */ = {
			isa = XCConfigurationList;
			buildConfigurations = (
				F147633C2B436A65001EC931 /* Debug */,
				F147633D2B436A65001EC931 /* Release */,
			);
			defaultConfigurationIsVisible = 0;
			defaultConfigurationName = Release;
		};
/* End XCConfigurationList section */
	};
	rootObject = F147631F2B436A64001EC931 /* Project object */;
}
